
Microsoft Visual Studio Solution File, Format Version 12.00
# Visual Studio 15
VisualStudioVersion = 15.0.27130.2010
MinimumVisualStudioVersion = 10.0.40219.1
Project("{FAE04EC0-301F-11D3-BF4B-00C04F79EFBC}") = "JuiceShopAutomation", "JuiceShopAutomation\JuiceShopAutomation.csproj", "{88FC9359-E8C1-4870-AC74-F8A9BC4D3AC1}"
EndProject
Project("{FAE04EC0-301F-11D3-BF4B-00C04F79EFBC}") = "JuiceShopTests", "JuiceShopTests\JuiceShopTests.csproj", "{D1339BCF-C247-4774-83BB-9E6EA3F72563}"
EndProject
Global
	GlobalSection(SolutionConfigurationPlatforms) = preSolution
		Debug|Any CPU = Debug|Any CPU
		Release|Any CPU = Release|Any CPU
	EndGlobalSection
	GlobalSection(ProjectConfigurationPlatforms) = postSolution
		{88FC9359-E8C1-4870-AC74-F8A9BC4D3AC1}.Debug|Any CPU.ActiveCfg = Debug|Any CPU
		{88FC9359-E8C1-4870-AC74-F8A9BC4D3AC1}.Debug|Any CPU.Build.0 = Debug|Any CPU
		{88FC9359-E8C1-4870-AC74-F8A9BC4D3AC1}.Release|Any CPU.ActiveCfg = Release|Any CPU
		{88FC9359-E8C1-4870-AC74-F8A9BC4D3AC1}.Release|Any CPU.Build.0 = Release|Any CPU
		{D1339BCF-C247-4774-83BB-9E6EA3F72563}.Debug|Any CPU.ActiveCfg = Debug|Any CPU
		{D1339BCF-C247-4774-83BB-9E6EA3F72563}.Debug|Any CPU.Build.0 = Debug|Any CPU
		{D1339BCF-C247-4774-83BB-9E6EA3F72563}.Release|Any CPU.ActiveCfg = Release|Any CPU
		{D1339BCF-C247-4774-83BB-9E6EA3F72563}.Release|Any CPU.Build.0 = Release|Any CPU
	EndGlobalSection
	GlobalSection(SolutionProperties) = preSolution
		HideSolutionNode = FALSE
	EndGlobalSection
	GlobalSection(ExtensibilityGlobals) = postSolution
		SolutionGuid = {064F0210-6DD1-4B70-82BB-35E11B889D14}
	EndGlobalSection
EndGlobal
